
Microsoft Visual Studio Solution File, Format Version 12.00
# Visual Studio Version 16
VisualStudioVersion = 16.0.29123.88
MinimumVisualStudioVersion = 10.0.40219.1
Project("{FAE04EC0-301F-11D3-BF4B-00C04F79EFBC}") = "UbooquityGateway", "UbooquityGateway.csproj", "{A3D744B8-509A-40AB-AC99-3EB818E0111F}"
EndProject
Global
	GlobalSection(SolutionConfigurationPlatforms) = preSolution
		Debug|Any CPU = Debug|Any CPU
		Release|Any CPU = Release|Any CPU
	EndGlobalSection
	GlobalSection(ProjectConfigurationPlatforms) = postSolution
		{A3D744B8-509A-40AB-AC99-3EB818E0111F}.Debug|Any CPU.ActiveCfg = Debug|Any CPU
		{A3D744B8-509A-40AB-AC99-3EB818E0111F}.Debug|Any CPU.Build.0 = Debug|Any CPU
		{A3D744B8-509A-40AB-AC99-3EB818E0111F}.Release|Any CPU.ActiveCfg = Release|Any CPU
		{A3D744B8-509A-40AB-AC99-3EB818E0111F}.Release|Any CPU.Build.0 = Release|Any CPU
	EndGlobalSection
	GlobalSection(SolutionProperties) = preSolution
		HideSolutionNode = FALSE
	EndGlobalSection
	GlobalSection(ExtensibilityGlobals) = postSolution
		SolutionGuid = {3AF77853-C85D-46E6-8E63-569A1497DF54}
	EndGlobalSection
EndGlobal
